
Microsoft Visual Studio Solution File, Format Version 10.00
# Visual C# Express 2008
Project("{FAE04EC0-301F-11D3-BF4B-00C04F79EFBC}") = "Verk4", "FK2002\Verk4.csproj", "{4C7EF440-DCF8-40B6-985A-CDA04E1E7D01}"
EndProject
Project("{FAE04EC0-301F-11D3-BF4B-00C04F79EFBC}") = "Verk5", "Verk5\Verk5.csproj", "{E0119E3F-7036-4027-B109-AC814B41069D}"
EndProject
Project("{FAE04EC0-301F-11D3-BF4B-00C04F79EFBC}") = "Verk6", "Verk6\Verk6.csproj", "{B7AE90A2-AD65-4B24-AD29-BB24B65C8171}"
EndProject
Project("{FAE04EC0-301F-11D3-BF4B-00C04F79EFBC}") = "Verk7", "Verk7\Verk7.csproj", "{50E26287-2600-41F3-BE1D-31290BE26CD6}"
EndProject
Project("{FAE04EC0-301F-11D3-BF4B-00C04F79EFBC}") = "Verk8", "Verk8\Verk8.csproj", "{E703CC57-8B20-4CF1-9100-D9AC5945BE1A}"
EndProject
Project("{FAE04EC0-301F-11D3-BF4B-00C04F79EFBC}") = "Verk9", "Verk9\Verk9.csproj", "{25CCC983-DA63-4275-AA1D-6CC907E9D778}"
EndProject
Project("{FAE04EC0-301F-11D3-BF4B-00C04F79EFBC}") = "Verk10", "Verk10\Verk10.csproj", "{EA833C24-2229-4C5E-975C-DAFF2F0A7F41}"
EndProject
Project("{FAE04EC0-301F-11D3-BF4B-00C04F79EFBC}") = "Verk11", "Verk11\Verk11.csproj", "{110E2076-247E-489F-A83A-563483BAAB20}"
EndProject
Project("{FAE04EC0-301F-11D3-BF4B-00C04F79EFBC}") = "Verk12", "Verk12\Verk12.csproj", "{54D3D2EE-7C5C-45DA-AC6B-E18F396FA6BA}"
EndProject
Project("{FAE04EC0-301F-11D3-BF4B-00C04F79EFBC}") = "Verk13", "Verk13\Verk13.csproj", "{9F35620E-1592-4950-900F-FA8C602DA78B}"
EndProject
Project("{FAE04EC0-301F-11D3-BF4B-00C04F79EFBC}") = "Verk21", "Verk21\Verk21.csproj", "{81A90446-72D0-426F-84E0-4434A30A752A}"
EndProject
Global
	GlobalSection(SolutionConfigurationPlatforms) = preSolution
		Debug|Any CPU = Debug|Any CPU
		Release|Any CPU = Release|Any CPU
	EndGlobalSection
	GlobalSection(ProjectConfigurationPlatforms) = postSolution
		{4C7EF440-DCF8-40B6-985A-CDA04E1E7D01}.Debug|Any CPU.ActiveCfg = Debug|Any CPU
		{4C7EF440-DCF8-40B6-985A-CDA04E1E7D01}.Debug|Any CPU.Build.0 = Debug|Any CPU
		{4C7EF440-DCF8-40B6-985A-CDA04E1E7D01}.Release|Any CPU.ActiveCfg = Release|Any CPU
		{4C7EF440-DCF8-40B6-985A-CDA04E1E7D01}.Release|Any CPU.Build.0 = Release|Any CPU
		{E0119E3F-7036-4027-B109-AC814B41069D}.Debug|Any CPU.ActiveCfg = Debug|Any CPU
		{E0119E3F-7036-4027-B109-AC814B41069D}.Debug|Any CPU.Build.0 = Debug|Any CPU
		{E0119E3F-7036-4027-B109-AC814B41069D}.Release|Any CPU.ActiveCfg = Release|Any CPU
		{E0119E3F-7036-4027-B109-AC814B41069D}.Release|Any CPU.Build.0 = Release|Any CPU
		{B7AE90A2-AD65-4B24-AD29-BB24B65C8171}.Debug|Any CPU.ActiveCfg = Debug|Any CPU
		{B7AE90A2-AD65-4B24-AD29-BB24B65C8171}.Debug|Any CPU.Build.0 = Debug|Any CPU
		{B7AE90A2-AD65-4B24-AD29-BB24B65C8171}.Release|Any CPU.ActiveCfg = Release|Any CPU
		{B7AE90A2-AD65-4B24-AD29-BB24B65C8171}.Release|Any CPU.Build.0 = Release|Any CPU
		{50E26287-2600-41F3-BE1D-31290BE26CD6}.Debug|Any CPU.ActiveCfg = Debug|Any CPU
		{50E26287-2600-41F3-BE1D-31290BE26CD6}.Debug|Any CPU.Build.0 = Debug|Any CPU
		{50E26287-2600-41F3-BE1D-31290BE26CD6}.Release|Any CPU.ActiveCfg = Release|Any CPU
		{50E26287-2600-41F3-BE1D-31290BE26CD6}.Release|Any CPU.Build.0 = Release|Any CPU
		{E703CC57-8B20-4CF1-9100-D9AC5945BE1A}.Debug|Any CPU.ActiveCfg = Debug|Any CPU
		{E703CC57-8B20-4CF1-9100-D9AC5945BE1A}.Debug|Any CPU.Build.0 = Debug|Any CPU
		{E703CC57-8B20-4CF1-9100-D9AC5945BE1A}.Release|Any CPU.ActiveCfg = Release|Any CPU
		{E703CC57-8B20-4CF1-9100-D9AC5945BE1A}.Release|Any CPU.Build.0 = Release|Any CPU
		{25CCC983-DA63-4275-AA1D-6CC907E9D778}.Debug|Any CPU.ActiveCfg = Debug|Any CPU
		{25CCC983-DA63-4275-AA1D-6CC907E9D778}.Debug|Any CPU.Build.0 = Debug|Any CPU
		{25CCC983-DA63-4275-AA1D-6CC907E9D778}.Release|Any CPU.ActiveCfg = Release|Any CPU
		{25CCC983-DA63-4275-AA1D-6CC907E9D778}.Release|Any CPU.Build.0 = Release|Any CPU
		{EA833C24-2229-4C5E-975C-DAFF2F0A7F41}.Debug|Any CPU.ActiveCfg = Debug|Any CPU
		{EA833C24-2229-4C5E-975C-DAFF2F0A7F41}.Debug|Any CPU.Build.0 = Debug|Any CPU
		{EA833C24-2229-4C5E-975C-DAFF2F0A7F41}.Release|Any CPU.ActiveCfg = Release|Any CPU
		{EA833C24-2229-4C5E-975C-DAFF2F0A7F41}.Release|Any CPU.Build.0 = Release|Any CPU
		{110E2076-247E-489F-A83A-563483BAAB20}.Debug|Any CPU.ActiveCfg = Debug|Any CPU
		{110E2076-247E-489F-A83A-563483BAAB20}.Debug|Any CPU.Build.0 = Debug|Any CPU
		{110E2076-247E-489F-A83A-563483BAAB20}.Release|Any CPU.ActiveCfg = Release|Any CPU
		{110E2076-247E-489F-A83A-563483BAAB20}.Release|Any CPU.Build.0 = Release|Any CPU
		{54D3D2EE-7C5C-45DA-AC6B-E18F396FA6BA}.Debug|Any CPU.ActiveCfg = Debug|Any CPU
		{54D3D2EE-7C5C-45DA-AC6B-E18F396FA6BA}.Debug|Any CPU.Build.0 = Debug|Any CPU
		{54D3D2EE-7C5C-45DA-AC6B-E18F396FA6BA}.Release|Any CPU.ActiveCfg = Release|Any CPU
		{54D3D2EE-7C5C-45DA-AC6B-E18F396FA6BA}.Release|Any CPU.Build.0 = Release|Any CPU
		{9F35620E-1592-4950-900F-FA8C602DA78B}.Debug|Any CPU.ActiveCfg = Debug|Any CPU
		{9F35620E-1592-4950-900F-FA8C602DA78B}.Debug|Any CPU.Build.0 = Debug|Any CPU
		{9F35620E-1592-4950-900F-FA8C602DA78B}.Release|Any CPU.ActiveCfg = Release|Any CPU
		{9F35620E-1592-4950-900F-FA8C602DA78B}.Release|Any CPU.Build.0 = Release|Any CPU
		{81A90446-72D0-426F-84E0-4434A30A752A}.Debug|Any CPU.ActiveCfg = Debug|Any CPU
		{81A90446-72D0-426F-84E0-4434A30A752A}.Debug|Any CPU.Build.0 = Debug|Any CPU
		{81A90446-72D0-426F-84E0-4434A30A752A}.Release|Any CPU.ActiveCfg = Release|Any CPU
		{81A90446-72D0-426F-84E0-4434A30A752A}.Release|Any CPU.Build.0 = Release|Any CPU
	EndGlobalSection
	GlobalSection(SolutionProperties) = preSolution
		HideSolutionNode = FALSE
	EndGlobalSection
EndGlobal
